Microsoft Visual Studio Solution File, Format Version 12.00
# Visual Studio Version 17
VisualStudioVersion = 17.5.2.0
MinimumVisualStudioVersion = 10.0.40219.1
Project("{FAE04EC0-301F-11D3-BF4B-00C04F79EFBC}") = "Phonebook", "Phonebook.csproj", "{C88EDF80-EBB5-BD7D-CF6E-38E8756FF736}"
EndProject
Global
	GlobalSection(SolutionConfigurationPlatforms) = preSolution
		Debug|Any CPU = Debug|Any CPU
		Release|Any CPU = Release|Any CPU
	EndGlobalSection
	GlobalSection(ProjectConfigurationPlatforms) = postSolution
		{C88EDF80-EBB5-BD7D-CF6E-38E8756FF736}.Debug|Any CPU.ActiveCfg = Debug|Any CPU
		{C88EDF80-EBB5-BD7D-CF6E-38E8756FF736}.Debug|Any CPU.Build.0 = Debug|Any CPU
		{C88EDF80-EBB5-BD7D-CF6E-38E8756FF736}.Release|Any CPU.ActiveCfg = Release|Any CPU
		{C88EDF80-EBB5-BD7D-CF6E-38E8756FF736}.Release|Any CPU.Build.0 = Release|Any CPU
	EndGlobalSection
	GlobalSection(SolutionProperties) = preSolution
		HideSolutionNode = FALSE
	EndGlobalSection
	GlobalSection(ExtensibilityGlobals) = postSolution
		SolutionGuid = {D38292D1-2429-4E17-95F0-B32EC4D583AA}
	EndGlobalSection
EndGlobal
